
Microsoft Visual Studio Solution File, Format Version 12.00
# Visual Studio Version 17
VisualStudioVersion = 17.13.35931.197
MinimumVisualStudioVersion = 10.0.40219.1
Project("{FAE04EC0-301F-11D3-BF4B-00C04F79EFBC}") = "ClickBurger", "ClickBurger\ClickBurger.csproj", "{E8BB853A-549E-4F46-88BE-ECF4B21894D6}"
EndProject
Project("{FAE04EC0-301F-11D3-BF4B-00C04F79EFBC}") = "ClickBurger.Tests", "ClickBurger.Tests\ClickBurger.Tests.csproj", "{E912E04A-0FD5-4566-ADF2-425A525D9C40}"
EndProject
Global
	GlobalSection(SolutionConfigurationPlatforms) = preSolution
		Debug|Any CPU = Debug|Any CPU
		Debug|x64 = Debug|x64
		Debug|x86 = Debug|x86
		Release|Any CPU = Release|Any CPU
		Release|x64 = Release|x64
		Release|x86 = Release|x86
	EndGlobalSection
	GlobalSection(ProjectConfigurationPlatforms) = postSolution
		{E8BB853A-549E-4F46-88BE-ECF4B21894D6}.Debug|Any CPU.ActiveCfg = Debug|Any CPU
		{E8BB853A-549E-4F46-88BE-ECF4B21894D6}.Debug|Any CPU.Build.0 = Debug|Any CPU
		{E8BB853A-549E-4F46-88BE-ECF4B21894D6}.Debug|x64.ActiveCfg = Debug|Any CPU
		{E8BB853A-549E-4F46-88BE-ECF4B21894D6}.Debug|x64.Build.0 = Debug|Any CPU
		{E8BB853A-549E-4F46-88BE-ECF4B21894D6}.Debug|x86.ActiveCfg = Debug|Any CPU
		{E8BB853A-549E-4F46-88BE-ECF4B21894D6}.Debug|x86.Build.0 = Debug|Any CPU
		{E8BB853A-549E-4F46-88BE-ECF4B21894D6}.Release|Any CPU.ActiveCfg = Release|Any CPU
		{E8BB853A-549E-4F46-88BE-ECF4B21894D6}.Release|Any CPU.Build.0 = Release|Any CPU
		{E8BB853A-549E-4F46-88BE-ECF4B21894D6}.Release|x64.ActiveCfg = Release|Any CPU
		{E8BB853A-549E-4F46-88BE-ECF4B21894D6}.Release|x64.Build.0 = Release|Any CPU
		{E8BB853A-549E-4F46-88BE-ECF4B21894D6}.Release|x86.ActiveCfg = Release|Any CPU
		{E8BB853A-549E-4F46-88BE-ECF4B21894D6}.Release|x86.Build.0 = Release|Any CPU
		{E912E04A-0FD5-4566-ADF2-425A525D9C40}.Debug|Any CPU.ActiveCfg = Debug|Any CPU
		{E912E04A-0FD5-4566-ADF2-425A525D9C40}.Debug|Any CPU.Build.0 = Debug|Any CPU
		{E912E04A-0FD5-4566-ADF2-425A525D9C40}.Debug|x64.ActiveCfg = Debug|Any CPU
		{E912E04A-0FD5-4566-ADF2-425A525D9C40}.Debug|x64.Build.0 = Debug|Any CPU
		{E912E04A-0FD5-4566-ADF2-425A525D9C40}.Debug|x86.ActiveCfg = Debug|Any CPU
		{E912E04A-0FD5-4566-ADF2-425A525D9C40}.Debug|x86.Build.0 = Debug|Any CPU
		{E912E04A-0FD5-4566-ADF2-425A525D9C40}.Release|Any CPU.ActiveCfg = Release|Any CPU
		{E912E04A-0FD5-4566-ADF2-425A525D9C40}.Release|Any CPU.Build.0 = Release|Any CPU
		{E912E04A-0FD5-4566-ADF2-425A525D9C40}.Release|x64.ActiveCfg = Release|Any CPU
		{E912E04A-0FD5-4566-ADF2-425A525D9C40}.Release|x64.Build.0 = Release|Any CPU
		{E912E04A-0FD5-4566-ADF2-425A525D9C40}.Release|x86.ActiveCfg = Release|Any CPU
		{E912E04A-0FD5-4566-ADF2-425A525D9C40}.Release|x86.Build.0 = Release|Any CPU
	EndGlobalSection
	GlobalSection(SolutionProperties) = preSolution
		HideSolutionNode = FALSE
	EndGlobalSection
	GlobalSection(ExtensibilityGlobals) = postSolution
		SolutionGuid = {136B9CB3-EEE6-475D-9B81-85988586F0F0}
	EndGlobalSection
EndGlobal
